
Microsoft Visual Studio Solution File, Format Version 11.00
# Visual Studio 2010
Project("{FAE04EC0-301F-11D3-BF4B-00C04F79EFBC}") = "Assembly-CSharp", "Assembly-CSharp.csproj", "{7b29e5db-00d6-8359-5a66-262bb9de65b3}"
EndProject
Project("{FAE04EC0-301F-11D3-BF4B-00C04F79EFBC}") = "UnityEngine.UI", "UnityEngine.UI.csproj", "{551d16f5-0ec4-23c2-26d2-4561ffe41b1a}"
EndProject
Project("{FAE04EC0-301F-11D3-BF4B-00C04F79EFBC}") = "UnityEditor.UI", "UnityEditor.UI.csproj", "{f77e7aec-6e7d-ee65-820d-36f5cb407f5a}"
EndProject
Project("{FAE04EC0-301F-11D3-BF4B-00C04F79EFBC}") = "Unity.2D.Sprite.Editor", "Unity.2D.Sprite.Editor.csproj", "{ddb8c68d-3429-825c-822c-8b7c0a86a598}"
EndProject
Project("{FAE04EC0-301F-11D3-BF4B-00C04F79EFBC}") = "Unity.2D.Tilemap.Editor", "Unity.2D.Tilemap.Editor.csproj", "{a530c46c-d5b5-b792-2730-2dd29369b468}"
EndProject
Global
	GlobalSection(SolutionConfigurationPlatforms) = preSolution
		Debug|Any CPU = Debug|Any CPU
		Release|Any CPU = Release|Any CPU
	EndGlobalSection
	GlobalSection(ProjectConfigurationPlatforms) = postSolution
		{7b29e5db-00d6-8359-5a66-262bb9de65b3}.Debug|Any CPU.ActiveCfg = Debug|Any CPU
		{7b29e5db-00d6-8359-5a66-262bb9de65b3}.Debug|Any CPU.Build.0 = Debug|Any CPU
		{7b29e5db-00d6-8359-5a66-262bb9de65b3}.Release|Any CPU.ActiveCfg = Release|Any CPU
		{7b29e5db-00d6-8359-5a66-262bb9de65b3}.Release|Any CPU.Build.0 = Release|Any CPU
		{551d16f5-0ec4-23c2-26d2-4561ffe41b1a}.Debug|Any CPU.ActiveCfg = Debug|Any CPU
		{551d16f5-0ec4-23c2-26d2-4561ffe41b1a}.Debug|Any CPU.Build.0 = Debug|Any CPU
		{551d16f5-0ec4-23c2-26d2-4561ffe41b1a}.Release|Any CPU.ActiveCfg = Release|Any CPU
		{551d16f5-0ec4-23c2-26d2-4561ffe41b1a}.Release|Any CPU.Build.0 = Release|Any CPU
		{f77e7aec-6e7d-ee65-820d-36f5cb407f5a}.Debug|Any CPU.ActiveCfg = Debug|Any CPU
		{f77e7aec-6e7d-ee65-820d-36f5cb407f5a}.Debug|Any CPU.Build.0 = Debug|Any CPU
		{f77e7aec-6e7d-ee65-820d-36f5cb407f5a}.Release|Any CPU.ActiveCfg = Release|Any CPU
		{f77e7aec-6e7d-ee65-820d-36f5cb407f5a}.Release|Any CPU.Build.0 = Release|Any CPU
		{ddb8c68d-3429-825c-822c-8b7c0a86a598}.Debug|Any CPU.ActiveCfg = Debug|Any CPU
		{ddb8c68d-3429-825c-822c-8b7c0a86a598}.Debug|Any CPU.Build.0 = Debug|Any CPU
		{ddb8c68d-3429-825c-822c-8b7c0a86a598}.Release|Any CPU.ActiveCfg = Release|Any CPU
		{ddb8c68d-3429-825c-822c-8b7c0a86a598}.Release|Any CPU.Build.0 = Release|Any CPU
		{a530c46c-d5b5-b792-2730-2dd29369b468}.Debug|Any CPU.ActiveCfg = Debug|Any CPU
		{a530c46c-d5b5-b792-2730-2dd29369b468}.Debug|Any CPU.Build.0 = Debug|Any CPU
		{a530c46c-d5b5-b792-2730-2dd29369b468}.Release|Any CPU.ActiveCfg = Release|Any CPU
		{a530c46c-d5b5-b792-2730-2dd29369b468}.Release|Any CPU.Build.0 = Release|Any CPU
	EndGlobalSection
	GlobalSection(SolutionProperties) = preSolution
		HideSolutionNode = FALSE
	EndGlobalSection
EndGlobal
